
Microsoft Visual Studio Solution File, Format Version 12.00
# Visual Studio Version 16
VisualStudioVersion = 16.0.30611.23
MinimumVisualStudioVersion = 10.0.40219.1
Project("{FAE04EC0-301F-11D3-BF4B-00C04F79EFBC}") = "ServerConfigMtk-P2-20180140001", "ServerConfigMtk-P2-20180140001\ServerConfigMtk-P2-20180140001.csproj", "{F273E812-35A0-433A-811F-0B5F81F190F8}"
EndProject
Global
	GlobalSection(SolutionConfigurationPlatforms) = preSolution
		Debug|Any CPU = Debug|Any CPU
		Release|Any CPU = Release|Any CPU
	EndGlobalSection
	GlobalSection(ProjectConfigurationPlatforms) = postSolution
		{F273E812-35A0-433A-811F-0B5F81F190F8}.Debug|Any CPU.ActiveCfg = Debug|Any CPU
		{F273E812-35A0-433A-811F-0B5F81F190F8}.Debug|Any CPU.Build.0 = Debug|Any CPU
		{F273E812-35A0-433A-811F-0B5F81F190F8}.Release|Any CPU.ActiveCfg = Release|Any CPU
		{F273E812-35A0-433A-811F-0B5F81F190F8}.Release|Any CPU.Build.0 = Release|Any CPU
	EndGlobalSection
	GlobalSection(SolutionProperties) = preSolution
		HideSolutionNode = FALSE
	EndGlobalSection
	GlobalSection(ExtensibilityGlobals) = postSolution
		SolutionGuid = {B847A852-18B1-446A-98B0-CDD586F65BEA}
	EndGlobalSection
EndGlobal
